
Microsoft Visual Studio Solution File, Format Version 12.00
# Visual Studio Version 17
VisualStudioVersion = 17.4.33213.308
MinimumVisualStudioVersion = 10.0.40219.1
Project("{FAE04EC0-301F-11D3-BF4B-00C04F79EFBC}") = "odd and even", "odd and even.csproj", "{D3AB10EE-2664-4A90-B326-509531C69956}"
EndProject
Global
	GlobalSection(SolutionConfigurationPlatforms) = preSolution
		Debug|Any CPU = Debug|Any CPU
		Release|Any CPU = Release|Any CPU
	EndGlobalSection
	GlobalSection(ProjectConfigurationPlatforms) = postSolution
		{D3AB10EE-2664-4A90-B326-509531C69956}.Debug|Any CPU.ActiveCfg = Debug|Any CPU
		{D3AB10EE-2664-4A90-B326-509531C69956}.Debug|Any CPU.Build.0 = Debug|Any CPU
		{D3AB10EE-2664-4A90-B326-509531C69956}.Release|Any CPU.ActiveCfg = Release|Any CPU
		{D3AB10EE-2664-4A90-B326-509531C69956}.Release|Any CPU.Build.0 = Release|Any CPU
	EndGlobalSection
	GlobalSection(SolutionProperties) = preSolution
		HideSolutionNode = FALSE
	EndGlobalSection
	GlobalSection(ExtensibilityGlobals) = postSolution
		SolutionGuid = {68EAC4A9-CB21-4324-8513-8372F296A403}
	EndGlobalSection
EndGlobal
