
Microsoft Visual Studio Solution File, Format Version 12.00
# Visual Studio Version 17
VisualStudioVersion = 17.4.33213.308
MinimumVisualStudioVersion = 10.0.40219.1
Project("{FAE04EC0-301F-11D3-BF4B-00C04F79EFBC}") = "quotient and remainder", "quotient and remainder.csproj", "{FA4935E2-B3A8-4F87-9512-00334F983DDD}"
EndProject
Global
	GlobalSection(SolutionConfigurationPlatforms) = preSolution
		Debug|Any CPU = Debug|Any CPU
		Release|Any CPU = Release|Any CPU
	EndGlobalSection
	GlobalSection(ProjectConfigurationPlatforms) = postSolution
		{FA4935E2-B3A8-4F87-9512-00334F983DDD}.Debug|Any CPU.ActiveCfg = Debug|Any CPU
		{FA4935E2-B3A8-4F87-9512-00334F983DDD}.Debug|Any CPU.Build.0 = Debug|Any CPU
		{FA4935E2-B3A8-4F87-9512-00334F983DDD}.Release|Any CPU.ActiveCfg = Release|Any CPU
		{FA4935E2-B3A8-4F87-9512-00334F983DDD}.Release|Any CPU.Build.0 = Release|Any CPU
	EndGlobalSection
	GlobalSection(SolutionProperties) = preSolution
		HideSolutionNode = FALSE
	EndGlobalSection
	GlobalSection(ExtensibilityGlobals) = postSolution
		SolutionGuid = {131BC45B-222F-4E37-8EF9-4A201200E6F2}
	EndGlobalSection
EndGlobal
