
Microsoft Visual Studio Solution File, Format Version 12.00
# Visual Studio Version 17
VisualStudioVersion = 17.4.33213.308
MinimumVisualStudioVersion = 10.0.40219.1
Project("{FAE04EC0-301F-11D3-BF4B-00C04F79EFBC}") = "leapyear", "leapyear.csproj", "{B25909BA-90A4-4734-817E-497714814DFE}"
EndProject
Global
	GlobalSection(SolutionConfigurationPlatforms) = preSolution
		Debug|Any CPU = Debug|Any CPU
		Release|Any CPU = Release|Any CPU
	EndGlobalSection
	GlobalSection(ProjectConfigurationPlatforms) = postSolution
		{B25909BA-90A4-4734-817E-497714814DFE}.Debug|Any CPU.ActiveCfg = Debug|Any CPU
		{B25909BA-90A4-4734-817E-497714814DFE}.Debug|Any CPU.Build.0 = Debug|Any CPU
		{B25909BA-90A4-4734-817E-497714814DFE}.Release|Any CPU.ActiveCfg = Release|Any CPU
		{B25909BA-90A4-4734-817E-497714814DFE}.Release|Any CPU.Build.0 = Release|Any CPU
	EndGlobalSection
	GlobalSection(SolutionProperties) = preSolution
		HideSolutionNode = FALSE
	EndGlobalSection
	GlobalSection(ExtensibilityGlobals) = postSolution
		SolutionGuid = {85B685E5-6F79-466D-B596-E98024080CDC}
	EndGlobalSection
EndGlobal
