
Microsoft Visual Studio Solution File, Format Version 12.00
# Visual Studio Version 17
VisualStudioVersion = 17.4.33213.308
MinimumVisualStudioVersion = 10.0.40219.1
Project("{FAE04EC0-301F-11D3-BF4B-00C04F79EFBC}") = "harmonic number", "harmonic number.csproj", "{C9D8618D-1B5C-460E-B388-A61D2233FD70}"
EndProject
Global
	GlobalSection(SolutionConfigurationPlatforms) = preSolution
		Debug|Any CPU = Debug|Any CPU
		Release|Any CPU = Release|Any CPU
	EndGlobalSection
	GlobalSection(ProjectConfigurationPlatforms) = postSolution
		{C9D8618D-1B5C-460E-B388-A61D2233FD70}.Debug|Any CPU.ActiveCfg = Debug|Any CPU
		{C9D8618D-1B5C-460E-B388-A61D2233FD70}.Debug|Any CPU.Build.0 = Debug|Any CPU
		{C9D8618D-1B5C-460E-B388-A61D2233FD70}.Release|Any CPU.ActiveCfg = Release|Any CPU
		{C9D8618D-1B5C-460E-B388-A61D2233FD70}.Release|Any CPU.Build.0 = Release|Any CPU
	EndGlobalSection
	GlobalSection(SolutionProperties) = preSolution
		HideSolutionNode = FALSE
	EndGlobalSection
	GlobalSection(ExtensibilityGlobals) = postSolution
		SolutionGuid = {F697F069-A8BA-42CF-8205-85EC7C189702}
	EndGlobalSection
EndGlobal
