
Microsoft Visual Studio Solution File, Format Version 12.00
# Visual Studio Version 17
VisualStudioVersion = 17.4.33213.308
MinimumVisualStudioVersion = 10.0.40219.1
Project("{FAE04EC0-301F-11D3-BF4B-00C04F79EFBC}") = "vowei and consonant", "vowei and consonant.csproj", "{C12FED1A-F5AF-4712-A19A-4F468986C5EE}"
EndProject
Global
	GlobalSection(SolutionConfigurationPlatforms) = preSolution
		Debug|Any CPU = Debug|Any CPU
		Release|Any CPU = Release|Any CPU
	EndGlobalSection
	GlobalSection(ProjectConfigurationPlatforms) = postSolution
		{C12FED1A-F5AF-4712-A19A-4F468986C5EE}.Debug|Any CPU.ActiveCfg = Debug|Any CPU
		{C12FED1A-F5AF-4712-A19A-4F468986C5EE}.Debug|Any CPU.Build.0 = Debug|Any CPU
		{C12FED1A-F5AF-4712-A19A-4F468986C5EE}.Release|Any CPU.ActiveCfg = Release|Any CPU
		{C12FED1A-F5AF-4712-A19A-4F468986C5EE}.Release|Any CPU.Build.0 = Release|Any CPU
	EndGlobalSection
	GlobalSection(SolutionProperties) = preSolution
		HideSolutionNode = FALSE
	EndGlobalSection
	GlobalSection(ExtensibilityGlobals) = postSolution
		SolutionGuid = {2306B99D-C29F-4662-AC54-B084325A9AB4}
	EndGlobalSection
EndGlobal
